
Microsoft Visual Studio Solution File, Format Version 12.00
Project("{FAE04EC0-301F-11D3-BF4B-00C04F79EFBC}") = "GettingStarted", "GettingStarted\GettingStarted.csproj", "{A61D2D2A-956E-4E55-9C28-9AE46FD1D647}"
EndProject
Global
	GlobalSection(SolutionConfigurationPlatforms) = preSolution
		Debug|Any CPU = Debug|Any CPU
		Release|Any CPU = Release|Any CPU
	EndGlobalSection
	GlobalSection(ProjectConfigurationPlatforms) = postSolution
		{A61D2D2A-956E-4E55-9C28-9AE46FD1D647}.Debug|Any CPU.ActiveCfg = Debug|Any CPU
		{A61D2D2A-956E-4E55-9C28-9AE46FD1D647}.Debug|Any CPU.Build.0 = Debug|Any CPU
		{A61D2D2A-956E-4E55-9C28-9AE46FD1D647}.Release|Any CPU.ActiveCfg = Release|Any CPU
		{A61D2D2A-956E-4E55-9C28-9AE46FD1D647}.Release|Any CPU.Build.0 = Release|Any CPU
	EndGlobalSection
EndGlobal
